// !$*UTF8*$!
{
	archiveVersion = 1;
	classes = {
	};
	objectVersion = 77;
	objects = {

/* Begin PBXBuildFile section */
		18136FACAAA1443E706CFF30 /* RelayVoiceBridge.swift in Sources */ = {isa = PBXBuildFile; fileRef = 1DAAB9DBEC42F7D3000EE732 /* RelayVoiceBridge.swift */; };
		24A022AE3E7E1EF67BC8F0A0 /* Assets.xcassets in Resources */ = {isa = PBXBuildFile; fileRef = F24E3CE7C53F96207E36E0E3 /* Assets.xcassets */; };
		342ADE3909B06D28CDAB79D0 /* DecisionDetailView.swift in Sources */ = {isa = PBXBuildFile; fileRef = 3A78F53A53A915C52AD21FAE /* DecisionDetailView.swift */; };
		344C0C222DE099DC9236CAFD /* ProfileView.swift in Sources */ = {isa = PBXBuildFile; fileRef = 93AA7721C1C3D18FC7638CF3 /* ProfileView.swift */; };
		359F266BCE18F9A1844C975C /* RelayClient.swift in Sources */ = {isa = PBXBuildFile; fileRef = 21C126ADAD013083B1FAEB19 /* RelayClient.swift */; };
		36C253606CB5E7FD2CA2CDF1 /* AliceHomeView.swift in Sources */ = {isa = PBXBuildFile; fileRef = E67F13E8F1812D6CF3A499AA /* AliceHomeView.swift */; };
		406CA7D68584EC60BB2F3420 /* DecisionCard.swift in Sources */ = {isa = PBXBuildFile; fileRef = 2ECA7D232466AB63156A0EEA /* DecisionCard.swift */; };
		46186A7CAA1267EAA4FB4AEF /* NotificationSetupSheet.swift in Sources */ = {isa = PBXBuildFile; fileRef = 96FA3CE1CC5BD85622F920FE /* NotificationSetupSheet.swift */; };
		5E49FE6D62D969636DC53345 /* AliceMascot.swift in Sources */ = {isa = PBXBuildFile; fileRef = A0827955EB677DBE1E55E3D8 /* AliceMascot.swift */; };
		71F7F269A86649CA5863C877 /* AliceApp.swift in Sources */ = {isa = PBXBuildFile; fileRef = D0FD3013AE4E8F5EC64F42AE /* AliceApp.swift */; };
		7473BACAEB877856B9F3A91F /* Pairing.swift in Sources */ = {isa = PBXBuildFile; fileRef = FFF49FCE78124665A56EF0AB /* Pairing.swift */; };
		7FA1B8D8B462EE1FDD3C24AE /* AliceSplashView.swift in Sources */ = {isa = PBXBuildFile; fileRef = BC4666E1D14698FB68221EA2 /* AliceSplashView.swift */; };
		82F3933A8B3F5D46C840613C /* MicrophoneRecorder.swift in Sources */ = {isa = PBXBuildFile; fileRef = 32B8D3CB4EC4707119EC7567 /* MicrophoneRecorder.swift */; };
		85D1CB6CFC5B77F2422EE86B /* OFL.txt in Resources */ = {isa = PBXBuildFile; fileRef = A4AC26CB2B2884700A90A478 /* OFL.txt */; };
		8D361E7E543CAFF5986D42EE /* HTTPVoiceBackend.swift in Sources */ = {isa = PBXBuildFile; fileRef = C90998D3F8F7295A4E102D53 /* HTTPVoiceBackend.swift */; };
		95E7ADB8621F3AAD187034FB /* BobMascot.swift in Sources */ = {isa = PBXBuildFile; fileRef = 224F18360481130D3110FE81 /* BobMascot.swift */; };
		982183C3BA7BD94934BE23BB /* AliceRootView.swift in Sources */ = {isa = PBXBuildFile; fileRef = 647C658900B7A445BFD18914 /* AliceRootView.swift */; };
		9974D6939F7FC08E44D6BBFE /* AssemblyAITranscriber.swift in Sources */ = {isa = PBXBuildFile; fileRef = FFE4C289351A498A97FCA645 /* AssemblyAITranscriber.swift */; };
		A3AD16E5AA93E1BE1BEC2AC8 /* AliceSessionStore.swift in Sources */ = {isa = PBXBuildFile; fileRef = 5F3A6236039A56421591F698 /* AliceSessionStore.swift */; };
		AEF41089C76ABE45BC2C9D8C /* AliceTheme.swift in Sources */ = {isa = PBXBuildFile; fileRef = 4763682A47D40DD13619D41D /* AliceTheme.swift */; };
		B62D107DDD668B23646F242F /* PairingSheet.swift in Sources */ = {isa = PBXBuildFile; fileRef = 8FBD9AA961DFFFFD6030ACE4 /* PairingSheet.swift */; };
		B996BFD76EC29D4DF3AFAA4D /* VoiceInputModel.swift in Sources */ = {isa = PBXBuildFile; fileRef = 71708CEA3600B3F5257EDA3B /* VoiceInputModel.swift */; };
		BA7829F14DF49C57F5F020D9 /* VoiceInputSheet.swift in Sources */ = {isa = PBXBuildFile; fileRef = D8540B1274D32441ACAF54B5 /* VoiceInputSheet.swift */; };
		BE1AA518BD02F8F428DF5220 /* IBMPlexSans-Regular.ttf in Resources */ = {isa = PBXBuildFile; fileRef = 9E9E3F09D695B9FD98C32E1C /* IBMPlexSans-Regular.ttf */; };
		C83112D3BD6CAD420DB6ECD9 /* UsageView.swift in Sources */ = {isa = PBXBuildFile; fileRef = 37A5590D29F5BAFD723A2981 /* UsageView.swift */; };
		CE8C6D5122D50E90167377CA /* IBMPlexSans-Medium.ttf in Resources */ = {isa = PBXBuildFile; fileRef = 56803416D2CDA31A4F0106DF /* IBMPlexSans-Medium.ttf */; };
		D178C19505DC5614EFFFDB23 /* AliceFixtures.swift in Sources */ = {isa = PBXBuildFile; fileRef = 1B63C1FE33BDE31F8861F513 /* AliceFixtures.swift */; };
		D8BCD7367FABDF05A56A0F2B /* VoiceContracts.swift in Sources */ = {isa = PBXBuildFile; fileRef = 82B6F7C6C9F3828179DDD7E0 /* VoiceContracts.swift */; };
		DF32B62846D78EE5F09EB7B3 /* IBMPlexSans-SemiBold.ttf in Resources */ = {isa = PBXBuildFile; fileRef = 3B2553FB5CDC0991A3349DE0 /* IBMPlexSans-SemiBold.ttf */; };
		F30DBC2822F12A709544F31F /* DecisionCardView.swift in Sources */ = {isa = PBXBuildFile; fileRef = 3267FF792EF2439C2E5226CD /* DecisionCardView.swift */; };
		FAB22484AD79943F17594A56 /* UsageData.swift in Sources */ = {isa = PBXBuildFile; fileRef = 9B7F0FEC96B33828909B6A20 /* UsageData.swift */; };
/* End PBXBuildFile section */

/* Begin PBXFileReference section */
		0F4D8702308B44065E2EA7EA /* Alice.app */ = {isa = PBXFileReference; includeInIndex = 0; lastKnownFileType = wrapper.application; path = Alice.app; sourceTree = BUILT_PRODUCTS_DIR; };
		1B63C1FE33BDE31F8861F513 /* AliceFixtures.swift */ = {isa = PBXFileReference; lastKnownFileType = sourcecode.swift; path = AliceFixtures.swift; sourceTree = "<group>"; };
		1DAAB9DBEC42F7D3000EE732 /* RelayVoiceBridge.swift */ = {isa = PBXFileReference; lastKnownFileType = sourcecode.swift; path = RelayVoiceBridge.swift; sourceTree = "<group>"; };
		21C126ADAD013083B1FAEB19 /* RelayClient.swift */ = {isa = PBXFileReference; lastKnownFileType = sourcecode.swift; path = RelayClient.swift; sourceTree = "<group>"; };
		224F18360481130D3110FE81 /* BobMascot.swift */ = {isa = PBXFileReference; lastKnownFileType = sourcecode.swift; path = BobMascot.swift; sourceTree = "<group>"; };
		2ECA7D232466AB63156A0EEA /* DecisionCard.swift */ = {isa = PBXFileReference; lastKnownFileType = sourcecode.swift; path = DecisionCard.swift; sourceTree = "<group>"; };
		3267FF792EF2439C2E5226CD /* DecisionCardView.swift */ = {isa = PBXFileReference; lastKnownFileType = sourcecode.swift; path = DecisionCardView.swift; sourceTree = "<group>"; };
		32B8D3CB4EC4707119EC7567 /* MicrophoneRecorder.swift */ = {isa = PBXFileReference; lastKnownFileType = sourcecode.swift; path = MicrophoneRecorder.swift; sourceTree = "<group>"; };
		37A5590D29F5BAFD723A2981 /* UsageView.swift */ = {isa = PBXFileReference; lastKnownFileType = sourcecode.swift; path = UsageView.swift; sourceTree = "<group>"; };
		3A78F53A53A915C52AD21FAE /* DecisionDetailView.swift */ = {isa = PBXFileReference; lastKnownFileType = sourcecode.swift; path = DecisionDetailView.swift; sourceTree = "<group>"; };
		3B2553FB5CDC0991A3349DE0 /* IBMPlexSans-SemiBold.ttf */ = {isa = PBXFileReference; lastKnownFileType = file; path = "IBMPlexSans-SemiBold.ttf"; sourceTree = "<group>"; };
		4763682A47D40DD13619D41D /* AliceTheme.swift */ = {isa = PBXFileReference; lastKnownFileType = sourcecode.swift; path = AliceTheme.swift; sourceTree = "<group>"; };
		56803416D2CDA31A4F0106DF /* IBMPlexSans-Medium.ttf */ = {isa = PBXFileReference; lastKnownFileType = file; path = "IBMPlexSans-Medium.ttf"; sourceTree = "<group>"; };
		5F3A6236039A56421591F698 /* AliceSessionStore.swift */ = {isa = PBXFileReference; lastKnownFileType = sourcecode.swift; path = AliceSessionStore.swift; sourceTree = "<group>"; };
		647C658900B7A445BFD18914 /* AliceRootView.swift */ = {isa = PBXFileReference; lastKnownFileType = sourcecode.swift; path = AliceRootView.swift; sourceTree = "<group>"; };
		71708CEA3600B3F5257EDA3B /* VoiceInputModel.swift */ = {isa = PBXFileReference; lastKnownFileType = sourcecode.swift; path = VoiceInputModel.swift; sourceTree = "<group>"; };
		82B6F7C6C9F3828179DDD7E0 /* VoiceContracts.swift */ = {isa = PBXFileReference; lastKnownFileType = sourcecode.swift; path = VoiceContracts.swift; sourceTree = "<group>"; };
		8FBD9AA961DFFFFD6030ACE4 /* PairingSheet.swift */ = {isa = PBXFileReference; lastKnownFileType = sourcecode.swift; path = PairingSheet.swift; sourceTree = "<group>"; };
		93AA7721C1C3D18FC7638CF3 /* ProfileView.swift */ = {isa = PBXFileReference; lastKnownFileType = sourcecode.swift; path = ProfileView.swift; sourceTree = "<group>"; };
		96FA3CE1CC5BD85622F920FE /* NotificationSetupSheet.swift */ = {isa = PBXFileReference; lastKnownFileType = sourcecode.swift; path = NotificationSetupSheet.swift; sourceTree = "<group>"; };
		9B7F0FEC96B33828909B6A20 /* UsageData.swift */ = {isa = PBXFileReference; lastKnownFileType = sourcecode.swift; path = UsageData.swift; sourceTree = "<group>"; };
		9E9E3F09D695B9FD98C32E1C /* IBMPlexSans-Regular.ttf */ = {isa = PBXFileReference; lastKnownFileType = file; path = "IBMPlexSans-Regular.ttf"; sourceTree = "<group>"; };
		A0827955EB677DBE1E55E3D8 /* AliceMascot.swift */ = {isa = PBXFileReference; lastKnownFileType = sourcecode.swift; path = AliceMascot.swift; sourceTree = "<group>"; };
		A4AC26CB2B2884700A90A478 /* OFL.txt */ = {isa = PBXFileReference; lastKnownFileType = text; path = OFL.txt; sourceTree = "<group>"; };
		A6F110E5004E03DEF531A3C6 /* Info.plist */ = {isa = PBXFileReference; lastKnownFileType = text.plist; path = Info.plist; sourceTree = "<group>"; };
		BC4666E1D14698FB68221EA2 /* AliceSplashView.swift */ = {isa = PBXFileReference; lastKnownFileType = sourcecode.swift; path = AliceSplashView.swift; sourceTree = "<group>"; };
		C90998D3F8F7295A4E102D53 /* HTTPVoiceBackend.swift */ = {isa = PBXFileReference; lastKnownFileType = sourcecode.swift; path = HTTPVoiceBackend.swift; sourceTree = "<group>"; };
		D0FD3013AE4E8F5EC64F42AE /* AliceApp.swift */ = {isa = PBXFileReference; lastKnownFileType = sourcecode.swift; path = AliceApp.swift; sourceTree = "<group>"; };
		D8540B1274D32441ACAF54B5 /* VoiceInputSheet.swift */ = {isa = PBXFileReference; lastKnownFileType = sourcecode.swift; path = VoiceInputSheet.swift; sourceTree = "<group>"; };
		E67F13E8F1812D6CF3A499AA /* AliceHomeView.swift */ = {isa = PBXFileReference; lastKnownFileType = sourcecode.swift; path = AliceHomeView.swift; sourceTree = "<group>"; };
		F24E3CE7C53F96207E36E0E3 /* Assets.xcassets */ = {isa = PBXFileReference; lastKnownFileType = folder.assetcatalog; path = Assets.xcassets; sourceTree = "<group>"; };
		FFE4C289351A498A97FCA645 /* AssemblyAITranscriber.swift */ = {isa = PBXFileReference; lastKnownFileType = sourcecode.swift; path = AssemblyAITranscriber.swift; sourceTree = "<group>"; };
		FFF49FCE78124665A56EF0AB /* Pairing.swift */ = {isa = PBXFileReference; lastKnownFileType = sourcecode.swift; path = Pairing.swift; sourceTree = "<group>"; };
/* End PBXFileReference section */

/* Begin PBXGroup section */
		1302B58E9A74C34BF11C97CE /* App */ = {
			isa = PBXGroup;
			children = (
				D0FD3013AE4E8F5EC64F42AE /* AliceApp.swift */,
				4763682A47D40DD13619D41D /* AliceTheme.swift */,
			);
			path = App;
			sourceTree = "<group>";
		};
		15934239AEDFC7D44F7494D2 /* Voice */ = {
			isa = PBXGroup;
			children = (
				FFE4C289351A498A97FCA645 /* AssemblyAITranscriber.swift */,
				C90998D3F8F7295A4E102D53 /* HTTPVoiceBackend.swift */,
				32B8D3CB4EC4707119EC7567 /* MicrophoneRecorder.swift */,
				1DAAB9DBEC42F7D3000EE732 /* RelayVoiceBridge.swift */,
				82B6F7C6C9F3828179DDD7E0 /* VoiceContracts.swift */,
				71708CEA3600B3F5257EDA3B /* VoiceInputModel.swift */,
			);
			path = Voice;
			sourceTree = "<group>";
		};
		17B463BDB53A166AF78B7CB9 /* Views */ = {
			isa = PBXGroup;
			children = (
				E67F13E8F1812D6CF3A499AA /* AliceHomeView.swift */,
				647C658900B7A445BFD18914 /* AliceRootView.swift */,
				BC4666E1D14698FB68221EA2 /* AliceSplashView.swift */,
				3267FF792EF2439C2E5226CD /* DecisionCardView.swift */,
				3A78F53A53A915C52AD21FAE /* DecisionDetailView.swift */,
				96FA3CE1CC5BD85622F920FE /* NotificationSetupSheet.swift */,
				8FBD9AA961DFFFFD6030ACE4 /* PairingSheet.swift */,
				93AA7721C1C3D18FC7638CF3 /* ProfileView.swift */,
				37A5590D29F5BAFD723A2981 /* UsageView.swift */,
				D8540B1274D32441ACAF54B5 /* VoiceInputSheet.swift */,
				B4C5D9394F4605C7943C26C0 /* Components */,
			);
			path = Views;
			sourceTree = "<group>";
		};
		8CBDA7A3573EE3B763A4C2F1 /* Products */ = {
			isa = PBXGroup;
			children = (
				0F4D8702308B44065E2EA7EA /* Alice.app */,
			);
			name = Products;
			sourceTree = "<group>";
		};
		97A05B03B221DC19FF3E5D73 /* Alice */ = {
			isa = PBXGroup;
			children = (
				A6F110E5004E03DEF531A3C6 /* Info.plist */,
				1302B58E9A74C34BF11C97CE /* App */,
				B4E640DE58AF799BE09C3801 /* Connection */,
				9869DF2964134D350756EA5E /* Fixtures */,
				A6028C95000FA2F440ACB21A /* Model */,
				9ADDEC074D07608B4AA639EF /* Resources */,
				17B463BDB53A166AF78B7CB9 /* Views */,
				15934239AEDFC7D44F7494D2 /* Voice */,
			);
			path = Alice;
			sourceTree = "<group>";
		};
		9869DF2964134D350756EA5E /* Fixtures */ = {
			isa = PBXGroup;
			children = (
				1B63C1FE33BDE31F8861F513 /* AliceFixtures.swift */,
				9B7F0FEC96B33828909B6A20 /* UsageData.swift */,
			);
			path = Fixtures;
			sourceTree = "<group>";
		};
		9ADDEC074D07608B4AA639EF /* Resources */ = {
			isa = PBXGroup;
			children = (
				F24E3CE7C53F96207E36E0E3 /* Assets.xcassets */,
				CE1422E445193CD329EE9E7D /* Fonts */,
			);
			path = Resources;
			sourceTree = "<group>";
		};
		A6028C95000FA2F440ACB21A /* Model */ = {
			isa = PBXGroup;
			children = (
				5F3A6236039A56421591F698 /* AliceSessionStore.swift */,
				2ECA7D232466AB63156A0EEA /* DecisionCard.swift */,
			);
			path = Model;
			sourceTree = "<group>";
		};
		B4C5D9394F4605C7943C26C0 /* Components */ = {
			isa = PBXGroup;
			children = (
				A0827955EB677DBE1E55E3D8 /* AliceMascot.swift */,
				224F18360481130D3110FE81 /* BobMascot.swift */,
			);
			path = Components;
			sourceTree = "<group>";
		};
		B4E640DE58AF799BE09C3801 /* Connection */ = {
			isa = PBXGroup;
			children = (
				FFF49FCE78124665A56EF0AB /* Pairing.swift */,
				21C126ADAD013083B1FAEB19 /* RelayClient.swift */,
			);
			path = Connection;
			sourceTree = "<group>";
		};
		CE1422E445193CD329EE9E7D /* Fonts */ = {
			isa = PBXGroup;
			children = (
				56803416D2CDA31A4F0106DF /* IBMPlexSans-Medium.ttf */,
				9E9E3F09D695B9FD98C32E1C /* IBMPlexSans-Regular.ttf */,
				3B2553FB5CDC0991A3349DE0 /* IBMPlexSans-SemiBold.ttf */,
				A4AC26CB2B2884700A90A478 /* OFL.txt */,
			);
			path = Fonts;
			sourceTree = "<group>";
		};
		D5875F0C6F7B9577914A9A3E = {
			isa = PBXGroup;
			children = (
				97A05B03B221DC19FF3E5D73 /* Alice */,
				8CBDA7A3573EE3B763A4C2F1 /* Products */,
			);
			sourceTree = "<group>";
		};
/* End PBXGroup section */

/* Begin PBXNativeTarget section */
		EAE872DEA3ADE2A268BF5615 /* Alice */ = {
			isa = PBXNativeTarget;
			buildConfigurationList = 5A3590F73AEF14DC30EFAEAA /* Build configuration list for PBXNativeTarget "Alice" */;
			buildPhases = (
				AC7B137B0378E15175525861 /* Sources */,
				79A8A5EB9842515A091AA0BA /* Resources */,
			);
			buildRules = (
			);
			dependencies = (
			);
			name = Alice;
			packageProductDependencies = (
			);
			productName = Alice;
			productReference = 0F4D8702308B44065E2EA7EA /* Alice.app */;
			productType = "com.apple.product-type.application";
		};
/* End PBXNativeTarget section */

/* Begin PBXProject section */
		19701A1C1A3AE07EFB0D8E2D /* Project object */ = {
			isa = PBXProject;
			attributes = {
				BuildIndependentTargetsInParallel = YES;
				LastUpgradeCheck = 1430;
				TargetAttributes = {
					EAE872DEA3ADE2A268BF5615 = {
						DevelopmentTeam = R3Q58R4888;
					};
				};
			};
			buildConfigurationList = 2033B79AF7502BEA40E8FFB4 /* Build configuration list for PBXProject "Alice" */;
			developmentRegion = en;
			hasScannedForEncodings = 0;
			knownRegions = (
				Base,
				en,
			);
			mainGroup = D5875F0C6F7B9577914A9A3E;
			minimizedProjectReferenceProxies = 1;
			preferredProjectObjectVersion = 77;
			productRefGroup = 8CBDA7A3573EE3B763A4C2F1 /* Products */;
			projectDirPath = "";
			projectRoot = "";
			targets = (
				EAE872DEA3ADE2A268BF5615 /* Alice */,
			);
		};
/* End PBXProject section */

/* Begin PBXResourcesBuildPhase section */
		79A8A5EB9842515A091AA0BA /* Resources */ = {
			isa = PBXResourcesBuildPhase;
			buildActionMask = 2147483647;
			files = (
				24A022AE3E7E1EF67BC8F0A0 /* Assets.xcassets in Resources */,
				CE8C6D5122D50E90167377CA /* IBMPlexSans-Medium.ttf in Resources */,
				BE1AA518BD02F8F428DF5220 /* IBMPlexSans-Regular.ttf in Resources */,
				DF32B62846D78EE5F09EB7B3 /* IBMPlexSans-SemiBold.ttf in Resources */,
				85D1CB6CFC5B77F2422EE86B /* OFL.txt in Resources */,
			);
			runOnlyForDeploymentPostprocessing = 0;
		};
/* End PBXResourcesBuildPhase section */

/* Begin PBXSourcesBuildPhase section */
		AC7B137B0378E15175525861 /* Sources */ = {
			isa = PBXSourcesBuildPhase;
			buildActionMask = 2147483647;
			files = (
				71F7F269A86649CA5863C877 /* AliceApp.swift in Sources */,
				D178C19505DC5614EFFFDB23 /* AliceFixtures.swift in Sources */,
				36C253606CB5E7FD2CA2CDF1 /* AliceHomeView.swift in Sources */,
				5E49FE6D62D969636DC53345 /* AliceMascot.swift in Sources */,
				982183C3BA7BD94934BE23BB /* AliceRootView.swift in Sources */,
				A3AD16E5AA93E1BE1BEC2AC8 /* AliceSessionStore.swift in Sources */,
				7FA1B8D8B462EE1FDD3C24AE /* AliceSplashView.swift in Sources */,
				AEF41089C76ABE45BC2C9D8C /* AliceTheme.swift in Sources */,
				9974D6939F7FC08E44D6BBFE /* AssemblyAITranscriber.swift in Sources */,
				95E7ADB8621F3AAD187034FB /* BobMascot.swift in Sources */,
				406CA7D68584EC60BB2F3420 /* DecisionCard.swift in Sources */,
				F30DBC2822F12A709544F31F /* DecisionCardView.swift in Sources */,
				342ADE3909B06D28CDAB79D0 /* DecisionDetailView.swift in Sources */,
				8D361E7E543CAFF5986D42EE /* HTTPVoiceBackend.swift in Sources */,
				82F3933A8B3F5D46C840613C /* MicrophoneRecorder.swift in Sources */,
				46186A7CAA1267EAA4FB4AEF /* NotificationSetupSheet.swift in Sources */,
				7473BACAEB877856B9F3A91F /* Pairing.swift in Sources */,
				B62D107DDD668B23646F242F /* PairingSheet.swift in Sources */,
				344C0C222DE099DC9236CAFD /* ProfileView.swift in Sources */,
				359F266BCE18F9A1844C975C /* RelayClient.swift in Sources */,
				18136FACAAA1443E706CFF30 /* RelayVoiceBridge.swift in Sources */,
				FAB22484AD79943F17594A56 /* UsageData.swift in Sources */,
				C83112D3BD6CAD420DB6ECD9 /* UsageView.swift in Sources */,
				D8BCD7367FABDF05A56A0F2B /* VoiceContracts.swift in Sources */,
				B996BFD76EC29D4DF3AFAA4D /* VoiceInputModel.swift in Sources */,
				BA7829F14DF49C57F5F020D9 /* VoiceInputSheet.swift in Sources */,
			);
			runOnlyForDeploymentPostprocessing = 0;
		};
/* End PBXSourcesBuildPhase section */

/* Begin XCBuildConfiguration section */
		2033CB2A157965EC35B3049D /* Release */ = {
			isa = XCBuildConfiguration;
			buildSettings = {
				ALWAYS_SEARCH_USER_PATHS = NO;
				CLANG_ANALYZER_NONNULL = YES;
				CLANG_ANALYZER_NUMBER_OBJECT_CONVERSION = YES_AGGRESSIVE;
				CLANG_CXX_LANGUAGE_STANDARD = "gnu++14";
				CLANG_CXX_LIBRARY = "libc++";
				CLANG_ENABLE_MODULES = YES;
				CLANG_ENABLE_OBJC_ARC = YES;
				CLANG_ENABLE_OBJC_WEAK = YES;
				CLANG_WARN_BLOCK_CAPTURE_AUTORELEASING = YES;
				CLANG_WARN_BOOL_CONVERSION = YES;
				CLANG_WARN_COMMA = YES;
				CLANG_WARN_CONSTANT_CONVERSION = YES;
				CLANG_WARN_DEPRECATED_OBJC_IMPLEMENTATIONS = YES;
				CLANG_WARN_DIRECT_OBJC_ISA_USAGE = YES_ERROR;
				CLANG_WARN_DOCUMENTATION_COMMENTS = YES;
				CLANG_WARN_EMPTY_BODY = YES;
				CLANG_WARN_ENUM_CONVERSION = YES;
				CLANG_WARN_INFINITE_RECURSION = YES;
				CLANG_WARN_INT_CONVERSION = YES;
				CLANG_WARN_NON_LITERAL_NULL_CONVERSION = YES;
				CLANG_WARN_OBJC_IMPLICIT_RETAIN_SELF = YES;
				CLANG_WARN_OBJC_LITERAL_CONVERSION = YES;
				CLANG_WARN_OBJC_ROOT_CLASS = YES_ERROR;
				CLANG_WARN_QUOTED_INCLUDE_IN_FRAMEWORK_HEADER = YES;
				CLANG_WARN_RANGE_LOOP_ANALYSIS = YES;
				CLANG_WARN_STRICT_PROTOTYPES = YES;
				CLANG_WARN_SUSPICIOUS_MOVE = YES;
				CLANG_WARN_UNGUARDED_AVAILABILITY = YES_AGGRESSIVE;
				CLANG_WARN_UNREACHABLE_CODE = YES;
				CLANG_WARN__DUPLICATE_METHOD_MATCH = YES;
				COPY_PHASE_STRIP = NO;
				DEBUG_INFORMATION_FORMAT = "dwarf-with-dsym";
				ENABLE_NS_ASSERTIONS = NO;
				ENABLE_STRICT_OBJC_MSGSEND = YES;
				GCC_C_LANGUAGE_STANDARD = gnu11;
				GCC_NO_COMMON_BLOCKS = YES;
				GCC_WARN_64_TO_32_BIT_CONVERSION = YES;
				GCC_WARN_ABOUT_RETURN_TYPE = YES_ERROR;
				GCC_WARN_UNDECLARED_SELECTOR = YES;
				GCC_WARN_UNINITIALIZED_AUTOS = YES_AGGRESSIVE;
				GCC_WARN_UNUSED_FUNCTION = YES;
				GCC_WARN_UNUSED_VARIABLE = YES;
				IPHONEOS_DEPLOYMENT_TARGET = 17.0;
				MTL_ENABLE_DEBUG_INFO = NO;
				MTL_FAST_MATH = YES;
				PRODUCT_NAME = "$(TARGET_NAME)";
				SDKROOT = iphoneos;
				SWIFT_COMPILATION_MODE = wholemodule;
				SWIFT_OPTIMIZATION_LEVEL = "-O";
				SWIFT_VERSION = 5.0;
			};
			name = Release;
		};
		295262CFD013B6F1C337C101 /* Release */ = {
			isa = XCBuildConfiguration;
			buildSettings = {
				ASSETCATALOG_COMPILER_APPICON_NAME = AppIcon;
				CODE_SIGN_IDENTITY = "iPhone Developer";
				DEVELOPMENT_TEAM = R3Q58R4888;
				INFOPLIST_FILE = Alice/Info.plist;
				LD_RUNPATH_SEARCH_PATHS = (
					"$(inherited)",
					"@executable_path/Frameworks",
				);
				PRODUCT_BUNDLE_IDENTIFIER = com.bobcompanion.app;
				SDKROOT = iphoneos;
				SWIFT_VERSION = 5.0;
				TARGETED_DEVICE_FAMILY = 1;
			};
			name = Release;
		};
		735EE18AA9E4EE6A6D0964CB /* Debug */ = {
			isa = XCBuildConfiguration;
			buildSettings = {
				ALWAYS_SEARCH_USER_PATHS = NO;
				CLANG_ANALYZER_NONNULL = YES;
				CLANG_ANALYZER_NUMBER_OBJECT_CONVERSION = YES_AGGRESSIVE;
				CLANG_CXX_LANGUAGE_STANDARD = "gnu++14";
				CLANG_CXX_LIBRARY = "libc++";
				CLANG_ENABLE_MODULES = YES;
				CLANG_ENABLE_OBJC_ARC = YES;
				CLANG_ENABLE_OBJC_WEAK = YES;
				CLANG_WARN_BLOCK_CAPTURE_AUTORELEASING = YES;
				CLANG_WARN_BOOL_CONVERSION = YES;
				CLANG_WARN_COMMA = YES;
				CLANG_WARN_CONSTANT_CONVERSION = YES;
				CLANG_WARN_DEPRECATED_OBJC_IMPLEMENTATIONS = YES;
				CLANG_WARN_DIRECT_OBJC_ISA_USAGE = YES_ERROR;
				CLANG_WARN_DOCUMENTATION_COMMENTS = YES;
				CLANG_WARN_EMPTY_BODY = YES;
				CLANG_WARN_ENUM_CONVERSION = YES;
				CLANG_WARN_INFINITE_RECURSION = YES;
				CLANG_WARN_INT_CONVERSION = YES;
				CLANG_WARN_NON_LITERAL_NULL_CONVERSION = YES;
				CLANG_WARN_OBJC_IMPLICIT_RETAIN_SELF = YES;
				CLANG_WARN_OBJC_LITERAL_CONVERSION = YES;
				CLANG_WARN_OBJC_ROOT_CLASS = YES_ERROR;
				CLANG_WARN_QUOTED_INCLUDE_IN_FRAMEWORK_HEADER = YES;
				CLANG_WARN_RANGE_LOOP_ANALYSIS = YES;
				CLANG_WARN_STRICT_PROTOTYPES = YES;
				CLANG_WARN_SUSPICIOUS_MOVE = YES;
				CLANG_WARN_UNGUARDED_AVAILABILITY = YES_AGGRESSIVE;
				CLANG_WARN_UNREACHABLE_CODE = YES;
				CLANG_WARN__DUPLICATE_METHOD_MATCH = YES;
				COPY_PHASE_STRIP = NO;
				DEBUG_INFORMATION_FORMAT = dwarf;
				ENABLE_STRICT_OBJC_MSGSEND = YES;
				ENABLE_TESTABILITY = YES;
				GCC_C_LANGUAGE_STANDARD = gnu11;
				GCC_DYNAMIC_NO_PIC = NO;
				GCC_NO_COMMON_BLOCKS = YES;
				GCC_OPTIMIZATION_LEVEL = 0;
				GCC_PREPROCESSOR_DEFINITIONS = (
					"$(inherited)",
					"DEBUG=1",
				);
				GCC_WARN_64_TO_32_BIT_CONVERSION = YES;
				GCC_WARN_ABOUT_RETURN_TYPE = YES_ERROR;
				GCC_WARN_UNDECLARED_SELECTOR = YES;
				GCC_WARN_UNINITIALIZED_AUTOS = YES_AGGRESSIVE;
				GCC_WARN_UNUSED_FUNCTION = YES;
				GCC_WARN_UNUSED_VARIABLE = YES;
				IPHONEOS_DEPLOYMENT_TARGET = 17.0;
				MTL_ENABLE_DEBUG_INFO = INCLUDE_SOURCE;
				MTL_FAST_MATH = YES;
				ONLY_ACTIVE_ARCH = YES;
				PRODUCT_NAME = "$(TARGET_NAME)";
				SDKROOT = iphoneos;
				SWIFT_ACTIVE_COMPILATION_CONDITIONS = DEBUG;
				SWIFT_OPTIMIZATION_LEVEL = "-Onone";
				SWIFT_VERSION = 5.0;
			};
			name = Debug;
		};
		EA6392AED62467D7EA3DFF66 /* Debug */ = {
			isa = XCBuildConfiguration;
			buildSettings = {
				ASSETCATALOG_COMPILER_APPICON_NAME = AppIcon;
				CODE_SIGN_IDENTITY = "iPhone Developer";
				DEVELOPMENT_TEAM = R3Q58R4888;
				INFOPLIST_FILE = Alice/Info.plist;
				LD_RUNPATH_SEARCH_PATHS = (
					"$(inherited)",
					"@executable_path/Frameworks",
				);
				PRODUCT_BUNDLE_IDENTIFIER = com.bobcompanion.app;
				SDKROOT = iphoneos;
				SWIFT_VERSION = 5.0;
				TARGETED_DEVICE_FAMILY = 1;
			};
			name = Debug;
		};
/* End XCBuildConfiguration section */

/* Begin XCConfigurationList section */
		2033B79AF7502BEA40E8FFB4 /* Build configuration list for PBXProject "Alice" */ = {
			isa = XCConfigurationList;
			buildConfigurations = (
				735EE18AA9E4EE6A6D0964CB /* Debug */,
				2033CB2A157965EC35B3049D /* Release */,
			);
			defaultConfigurationIsVisible = 0;
			defaultConfigurationName = Debug;
		};
		5A3590F73AEF14DC30EFAEAA /* Build configuration list for PBXNativeTarget "Alice" */ = {
			isa = XCConfigurationList;
			buildConfigurations = (
				EA6392AED62467D7EA3DFF66 /* Debug */,
				295262CFD013B6F1C337C101 /* Release */,
			);
			defaultConfigurationIsVisible = 0;
			defaultConfigurationName = Debug;
		};
/* End XCConfigurationList section */
	};
	rootObject = 19701A1C1A3AE07EFB0D8E2D /* Project object */;
}
